
Microsoft Visual Studio Solution File, Format Version 12.00
# Visual Studio Version 17
VisualStudioVersion = 17.0.31903.59
MinimumVisualStudioVersion = 10.0.40219.1
Project("{2150E333-8FDC-42A3-9474-1A3956D46DE8}") = "src", "src", "{1B946001-8753-49E2-B77E-40CBFDDE2B75}"
EndProject
Project("{FAE04EC0-301F-11D3-BF4B-00C04F79EFBC}") = "OpenBcf.Core", "src\OpenBcf.Core\OpenBcf.Core.csproj", "{C112DA8F-3DDB-450E-B592-1D46972F6DB2}"
EndProject
Project("{FAE04EC0-301F-11D3-BF4B-00C04F79EFBC}") = "OpenBcf.Dui", "src\OpenBcf.Dui\OpenBcf.Dui.csproj", "{4CC3DEE0-3672-4D90-8F3A-FAE2B721139F}"
EndProject
Project("{FAE04EC0-301F-11D3-BF4B-00C04F79EFBC}") = "OpenBcf.Dui.WebView", "src\OpenBcf.Dui.WebView\OpenBcf.Dui.WebView.csproj", "{CC59C6E3-51C2-4196-A25B-7E8030396E3A}"
EndProject
Project("{FAE04EC0-301F-11D3-BF4B-00C04F79EFBC}") = "OpenBcf.Revit2025.Client", "src\OpenBcf.Revit2025.Client\OpenBcf.Revit2025.Client.csproj", "{E1126630-1721-4B94-913C-95C6CBA7AF4B}"
EndProject
Project("{FAE04EC0-301F-11D3-BF4B-00C04F79EFBC}") = "OpenBcf.Tekla2025.Client", "src\OpenBcf.Tekla2025.Client\OpenBcf.Tekla2025.Client.csproj", "{E9EAB67C-1951-4076-914D-0963A2566823}"
EndProject
Project("{FAE04EC0-301F-11D3-BF4B-00C04F79EFBC}") = "OpenBcf.Tekla2026.Client", "src\OpenBcf.Tekla2026.Client\OpenBcf.Tekla2026.Client.csproj", "{422C79B4-FEE8-4406-B1AB-FE3AD878CBF2}"
EndProject
Project("{FAE04EC0-301F-11D3-BF4B-00C04F79EFBC}") = "OpenBcf.Rhino8.Client", "src\OpenBcf.Rhino8.Client\OpenBcf.Rhino8.Client.csproj", "{FCDE0F8E-9671-4E3A-92D8-20745BB91825}"
EndProject
Global
	GlobalSection(SolutionConfigurationPlatforms) = preSolution
		Debug|Any CPU = Debug|Any CPU
		Release|Any CPU = Release|Any CPU
	EndGlobalSection
	GlobalSection(SolutionProperties) = preSolution
		HideSolutionNode = FALSE
	EndGlobalSection
	GlobalSection(ProjectConfigurationPlatforms) = postSolution
		{C112DA8F-3DDB-450E-B592-1D46972F6DB2}.Debug|Any CPU.ActiveCfg = Debug|Any CPU
		{C112DA8F-3DDB-450E-B592-1D46972F6DB2}.Debug|Any CPU.Build.0 = Debug|Any CPU
		{C112DA8F-3DDB-450E-B592-1D46972F6DB2}.Release|Any CPU.ActiveCfg = Release|Any CPU
		{C112DA8F-3DDB-450E-B592-1D46972F6DB2}.Release|Any CPU.Build.0 = Release|Any CPU
		{4CC3DEE0-3672-4D90-8F3A-FAE2B721139F}.Debug|Any CPU.ActiveCfg = Debug|Any CPU
		{4CC3DEE0-3672-4D90-8F3A-FAE2B721139F}.Debug|Any CPU.Build.0 = Debug|Any CPU
		{4CC3DEE0-3672-4D90-8F3A-FAE2B721139F}.Release|Any CPU.ActiveCfg = Release|Any CPU
		{4CC3DEE0-3672-4D90-8F3A-FAE2B721139F}.Release|Any CPU.Build.0 = Release|Any CPU
		{CC59C6E3-51C2-4196-A25B-7E8030396E3A}.Debug|Any CPU.ActiveCfg = Debug|Any CPU
		{CC59C6E3-51C2-4196-A25B-7E8030396E3A}.Debug|Any CPU.Build.0 = Debug|Any CPU
		{CC59C6E3-51C2-4196-A25B-7E8030396E3A}.Release|Any CPU.ActiveCfg = Release|Any CPU
		{CC59C6E3-51C2-4196-A25B-7E8030396E3A}.Release|Any CPU.Build.0 = Release|Any CPU
		{E1126630-1721-4B94-913C-95C6CBA7AF4B}.Debug|Any CPU.ActiveCfg = Debug|Any CPU
		{E1126630-1721-4B94-913C-95C6CBA7AF4B}.Debug|Any CPU.Build.0 = Debug|Any CPU
		{E1126630-1721-4B94-913C-95C6CBA7AF4B}.Release|Any CPU.ActiveCfg = Release|Any CPU
		{E1126630-1721-4B94-913C-95C6CBA7AF4B}.Release|Any CPU.Build.0 = Release|Any CPU
		{E9EAB67C-1951-4076-914D-0963A2566823}.Debug|Any CPU.ActiveCfg = Debug|Any CPU
		{E9EAB67C-1951-4076-914D-0963A2566823}.Debug|Any CPU.Build.0 = Debug|Any CPU
		{E9EAB67C-1951-4076-914D-0963A2566823}.Release|Any CPU.ActiveCfg = Release|Any CPU
		{E9EAB67C-1951-4076-914D-0963A2566823}.Release|Any CPU.Build.0 = Release|Any CPU
		{422C79B4-FEE8-4406-B1AB-FE3AD878CBF2}.Debug|Any CPU.ActiveCfg = Debug|Any CPU
		{422C79B4-FEE8-4406-B1AB-FE3AD878CBF2}.Debug|Any CPU.Build.0 = Debug|Any CPU
		{422C79B4-FEE8-4406-B1AB-FE3AD878CBF2}.Release|Any CPU.ActiveCfg = Release|Any CPU
		{422C79B4-FEE8-4406-B1AB-FE3AD878CBF2}.Release|Any CPU.Build.0 = Release|Any CPU
		{FCDE0F8E-9671-4E3A-92D8-20745BB91825}.Debug|Any CPU.ActiveCfg = Debug|Any CPU
		{FCDE0F8E-9671-4E3A-92D8-20745BB91825}.Debug|Any CPU.Build.0 = Debug|Any CPU
		{FCDE0F8E-9671-4E3A-92D8-20745BB91825}.Release|Any CPU.ActiveCfg = Release|Any CPU
		{FCDE0F8E-9671-4E3A-92D8-20745BB91825}.Release|Any CPU.Build.0 = Release|Any CPU
	EndGlobalSection
	GlobalSection(NestedProjects) = preSolution
		{C112DA8F-3DDB-450E-B592-1D46972F6DB2} = {1B946001-8753-49E2-B77E-40CBFDDE2B75}
		{4CC3DEE0-3672-4D90-8F3A-FAE2B721139F} = {1B946001-8753-49E2-B77E-40CBFDDE2B75}
		{CC59C6E3-51C2-4196-A25B-7E8030396E3A} = {1B946001-8753-49E2-B77E-40CBFDDE2B75}
		{E1126630-1721-4B94-913C-95C6CBA7AF4B} = {1B946001-8753-49E2-B77E-40CBFDDE2B75}
		{E9EAB67C-1951-4076-914D-0963A2566823} = {1B946001-8753-49E2-B77E-40CBFDDE2B75}
		{422C79B4-FEE8-4406-B1AB-FE3AD878CBF2} = {1B946001-8753-49E2-B77E-40CBFDDE2B75}
		{FCDE0F8E-9671-4E3A-92D8-20745BB91825} = {1B946001-8753-49E2-B77E-40CBFDDE2B75}
	EndGlobalSection
EndGlobal
